
Microsoft Visual Studio Solution File, Format Version 12.00
# Visual Studio 15
VisualStudioVersion = 15.0.28307.645
MinimumVisualStudioVersion = 10.0.40219.1
Project("{FAE04EC0-301F-11D3-BF4B-00C04F79EFBC}") = "VapeStore", "VapeStore\VapeStore.csproj", "{1CBF5A83-5FA5-4D5B-9475-440219674E43}"
EndProject
Global
	GlobalSection(SolutionConfigurationPlatforms) = preSolution
		Debug|Any CPU = Debug|Any CPU
		Release|Any CPU = Release|Any CPU
	EndGlobalSection
	GlobalSection(ProjectConfigurationPlatforms) = postSolution
		{1CBF5A83-5FA5-4D5B-9475-440219674E43}.Debug|Any CPU.ActiveCfg = Debug|Any CPU
		{1CBF5A83-5FA5-4D5B-9475-440219674E43}.Debug|Any CPU.Build.0 = Debug|Any CPU
		{1CBF5A83-5FA5-4D5B-9475-440219674E43}.Release|Any CPU.ActiveCfg = Release|Any CPU
		{1CBF5A83-5FA5-4D5B-9475-440219674E43}.Release|Any CPU.Build.0 = Release|Any CPU
	EndGlobalSection
	GlobalSection(SolutionProperties) = preSolution
		HideSolutionNode = FALSE
	EndGlobalSection
	GlobalSection(ExtensibilityGlobals) = postSolution
		SolutionGuid = {27D7A34B-8194-449C-A440-A6D1A9447C21}
	EndGlobalSection
EndGlobal
